
Microsoft Visual Studio Solution File, Format Version 12.00
# Visual Studio Version 17
VisualStudioVersion = 17.2.32630.192
MinimumVisualStudioVersion = 10.0.40219.1
Project("{FAE04EC0-301F-11D3-BF4B-00C04F79EFBC}") = "Blood_Sweat_and_Tear", "Blood_Sweat_and_Tear\Blood_Sweat_and_Tear.csproj", "{73C0778E-4E08-4021-A0F7-8BCB8A1C49F3}"
EndProject
Global
	GlobalSection(SolutionConfigurationPlatforms) = preSolution
		Debug|Any CPU = Debug|Any CPU
		Release|Any CPU = Release|Any CPU
	EndGlobalSection
	GlobalSection(ProjectConfigurationPlatforms) = postSolution
		{73C0778E-4E08-4021-A0F7-8BCB8A1C49F3}.Debug|Any CPU.ActiveCfg = Debug|Any CPU
		{73C0778E-4E08-4021-A0F7-8BCB8A1C49F3}.Debug|Any CPU.Build.0 = Debug|Any CPU
		{73C0778E-4E08-4021-A0F7-8BCB8A1C49F3}.Release|Any CPU.ActiveCfg = Release|Any CPU
		{73C0778E-4E08-4021-A0F7-8BCB8A1C49F3}.Release|Any CPU.Build.0 = Release|Any CPU
	EndGlobalSection
	GlobalSection(SolutionProperties) = preSolution
		HideSolutionNode = FALSE
	EndGlobalSection
	GlobalSection(ExtensibilityGlobals) = postSolution
		SolutionGuid = {F23BAD86-8485-4EF9-A2EE-AE56749FFBE2}
	EndGlobalSection
EndGlobal
